
Microsoft Visual Studio Solution File, Format Version 12.00
# Visual Studio Version 16
VisualStudioVersion = 25.0.1700.7
MinimumVisualStudioVersion = 10.0.40219.1
Project("{FAE04EC0-301F-11D3-BF4B-00C04F79EFBC}") = "dotnet-core-authentication-authorization", "dotnet-core-authentication-authorization.csproj", "{7578B952-8FD4-4B7F-9DC3-C38F4222E423}"
EndProject
Global
	GlobalSection(SolutionConfigurationPlatforms) = preSolution
		Debug|Any CPU = Debug|Any CPU
		Release|Any CPU = Release|Any CPU
	EndGlobalSection
	GlobalSection(ProjectConfigurationPlatforms) = postSolution
		{7578B952-8FD4-4B7F-9DC3-C38F4222E423}.Debug|Any CPU.ActiveCfg = Debug|Any CPU
		{7578B952-8FD4-4B7F-9DC3-C38F4222E423}.Debug|Any CPU.Build.0 = Debug|Any CPU
		{7578B952-8FD4-4B7F-9DC3-C38F4222E423}.Release|Any CPU.ActiveCfg = Release|Any CPU
		{7578B952-8FD4-4B7F-9DC3-C38F4222E423}.Release|Any CPU.Build.0 = Release|Any CPU
	EndGlobalSection
	GlobalSection(SolutionProperties) = preSolution
		HideSolutionNode = FALSE
	EndGlobalSection
	GlobalSection(ExtensibilityGlobals) = postSolution
		SolutionGuid = {9E7DD9B7-CCBD-46D2-B387-8BB5771B176A}
	EndGlobalSection
EndGlobal
